{
  "requires": true,
  "lockfileVersion": 1,
  "dependencies": {
    "react-device-detect": {
      "version": "1.17.0",
      "resolved": "https://registry.npmjs.org/react-device-detect/-/react-device-detect-1.17.0.tgz",
      "integrity": "sha512-bBblIStwpHmoS281JFIVqeimcN3LhpoP5YKDWzxQdBIUP8S2xPvHDgizLDhUq2ScguLfVPmwfF5y268EEQR60w==",
      "requires": {
        "ua-parser-js": "^0.7.24"
      }
    },
    "ua-parser-js": {
      "version": "0.7.28",
      "resolved": "https://registry.npmjs.org/ua-parser-js/-/ua-parser-js-0.7.28.tgz",
      "integrity": "sha512-6Gurc1n//gjp9eQNXjD9O3M/sMwVtN5S8Lv9bvOYBfKfDNiIIhqiyi01vMBO45u4zkDE420w/e0se7Vs+sIg+g=="
    }
  }
}
